
Microsoft Visual Studio Solution File, Format Version 12.00
# Visual Studio Version 16
VisualStudioVersion = 16.0.31410.223
MinimumVisualStudioVersion = 10.0.40219.1
Project("{9A19103F-16F7-4668-BE54-9A1E7A4F7556}") = "Raiding", "Raiding\Raiding.csproj", "{777D7856-3C38-4FAE-AAC0-55AF7C4B5C5A}"
EndProject
Project("{9A19103F-16F7-4668-BE54-9A1E7A4F7556}") = "WildFarm", "WildFarm\WildFarm.csproj", "{ABE32B49-3BEA-4AFE-8D55-4B602A7F5EA4}"
EndProject
Project("{FAE04EC0-301F-11D3-BF4B-00C04F79EFBC}") = "Vehicles", "Vehicles\Vehicles.csproj", "{25DFD203-52A5-4E8A-9E55-A5312F1A833C}"
EndProject
Global
	GlobalSection(SolutionConfigurationPlatforms) = preSolution
		Debug|Any CPU = Debug|Any CPU
		Release|Any CPU = Release|Any CPU
	EndGlobalSection
	GlobalSection(ProjectConfigurationPlatforms) = postSolution
		{777D7856-3C38-4FAE-AAC0-55AF7C4B5C5A}.Debug|Any CPU.ActiveCfg = Debug|Any CPU
		{777D7856-3C38-4FAE-AAC0-55AF7C4B5C5A}.Debug|Any CPU.Build.0 = Debug|Any CPU
		{777D7856-3C38-4FAE-AAC0-55AF7C4B5C5A}.Release|Any CPU.ActiveCfg = Release|Any CPU
		{777D7856-3C38-4FAE-AAC0-55AF7C4B5C5A}.Release|Any CPU.Build.0 = Release|Any CPU
		{ABE32B49-3BEA-4AFE-8D55-4B602A7F5EA4}.Debug|Any CPU.ActiveCfg = Debug|Any CPU
		{ABE32B49-3BEA-4AFE-8D55-4B602A7F5EA4}.Debug|Any CPU.Build.0 = Debug|Any CPU
		{ABE32B49-3BEA-4AFE-8D55-4B602A7F5EA4}.Release|Any CPU.ActiveCfg = Release|Any CPU
		{ABE32B49-3BEA-4AFE-8D55-4B602A7F5EA4}.Release|Any CPU.Build.0 = Release|Any CPU
		{25DFD203-52A5-4E8A-9E55-A5312F1A833C}.Debug|Any CPU.ActiveCfg = Debug|Any CPU
		{25DFD203-52A5-4E8A-9E55-A5312F1A833C}.Debug|Any CPU.Build.0 = Debug|Any CPU
		{25DFD203-52A5-4E8A-9E55-A5312F1A833C}.Release|Any CPU.ActiveCfg = Release|Any CPU
		{25DFD203-52A5-4E8A-9E55-A5312F1A833C}.Release|Any CPU.Build.0 = Release|Any CPU
	EndGlobalSection
	GlobalSection(SolutionProperties) = preSolution
		HideSolutionNode = FALSE
	EndGlobalSection
	GlobalSection(ExtensibilityGlobals) = postSolution
		SolutionGuid = {CCF6E33F-4F02-4E3C-9113-930CBB1B1A2E}
	EndGlobalSection
EndGlobal
